// !$*UTF8*$!
{
	archiveVersion = 1;
	classes = {
	};
	objectVersion = 46;
	objects = {

/* Begin PBXBuildFile section */
		40345E541E3ADF9E00A6AA6E /* main.m in Sources */ = {isa = PBXBuildFile; fileRef = 40345E531E3ADF9E00A6AA6E /* main.m */; };
		40345E5C1E3AE37000A6AA6E /* MyClass.m in Sources */ = {isa = PBXBuildFile; fileRef = 40345E5B1E3AE37000A6AA6E /* MyClass.m */; };
		40345E5F1E3AF1F500A6AA6E /* SubClass.m in Sources */ = {isa = PBXBuildFile; fileRef = 40345E5E1E3AF1F500A6AA6E /* SubClass.m */; };
		40345E621E3E1F6400A6AA6E /* SubClass+in_out.m in Sources */ = {isa = PBXBuildFile; fileRef = 40345E611E3E1F6400A6AA6E /* SubClass+in_out.m */; };
/* End PBXBuildFile section */

/* Begin PBXCopyFilesBuildPhase section */
		40345E4E1E3ADF9A00A6AA6E /* CopyFiles */ = {
			isa = PBXCopyFilesBuildPhase;
			buildActionMask = 2147483647;
			dstPath = /usr/share/man/man1/;
			dstSubfolderSpec = 0;
			files = (
			);
			runOnlyForDeploymentPostprocessing = 1;
		};
/* End PBXCopyFilesBuildPhase section */

/* Begin PBXFileReference section */
		40345E501E3ADF9E00A6AA6E /* customclass */ = {isa = PBXFileReference; explicitFileType = "compiled.mach-o.executable"; includeInIndex = 0; path = customclass; sourceTree = BUILT_PRODUCTS_DIR; };
		40345E531E3ADF9E00A6AA6E /* main.m */ = {isa = PBXFileReference; lastKnownFileType = sourcecode.c.objc; path = main.m; sourceTree = "<group>"; };
		40345E5A1E3AE37000A6AA6E /* MyClass.h */ = {isa = PBXFileReference; fileEncoding = 4; lastKnownFileType = sourcecode.c.h; path = MyClass.h; sourceTree = "<group>"; };
		40345E5B1E3AE37000A6AA6E /* MyClass.m */ = {isa = PBXFileReference; fileEncoding = 4; lastKnownFileType = sourcecode.c.objc; path = MyClass.m; sourceTree = "<group>"; };
		40345E5D1E3AF1F500A6AA6E /* SubClass.h */ = {isa = PBXFileReference; fileEncoding = 4; lastKnownFileType = sourcecode.c.h; path = SubClass.h; sourceTree = "<group>"; };
		40345E5E1E3AF1F500A6AA6E /* SubClass.m */ = {isa = PBXFileReference; fileEncoding = 4; lastKnownFileType = sourcecode.c.objc; path = SubClass.m; sourceTree = "<group>"; };
		40345E601E3E1F6400A6AA6E /* SubClass+in_out.h */ = {isa = PBXFileReference; fileEncoding = 4; lastKnownFileType = sourcecode.c.h; path = "SubClass+in_out.h"; sourceTree = "<group>"; };
		40345E611E3E1F6400A6AA6E /* SubClass+in_out.m */ = {isa = PBXFileReference; fileEncoding = 4; lastKnownFileType = sourcecode.c.objc; path = "SubClass+in_out.m"; sourceTree = "<group>"; };
		40345E631E3E228300A6AA6E /* SettopBoxControl.h */ = {isa = PBXFileReference; fileEncoding = 4; lastKnownFileType = sourcecode.c.h; path = SettopBoxControl.h; sourceTree = "<group>"; };
/* End PBXFileReference section */

/* Begin PBXFrameworksBuildPhase section */
		40345E4D1E3ADF9A00A6AA6E /* Frameworks */ = {
			isa = PBXFrameworksBuildPhase;
			buildActionMask = 2147483647;
			files = (
			);
			runOnlyForDeploymentPostprocessing = 0;
		};
/* End PBXFrameworksBuildPhase section */

/* Begin PBXGroup section */
		40345E471E3ADF9A00A6AA6E = {
			isa = PBXGroup;
			children = (
				40345E521E3ADF9E00A6AA6E /* customclass */,
				40345E511E3ADF9E00A6AA6E /* Products */,
			);
			sourceTree = "<group>";
		};
		40345E511E3ADF9E00A6AA6E /* Products */ = {
			isa = PBXGroup;
			children = (
				40345E501E3ADF9E00A6AA6E /* customclass */,
			);
			name = Products;
			sourceTree = "<group>";
		};
		40345E521E3ADF9E00A6AA6E /* customclass */ = {
			isa = PBXGroup;
			children = (
				40345E531E3ADF9E00A6AA6E /* main.m */,
				40345E5A1E3AE37000A6AA6E /* MyClass.h */,
				40345E5B1E3AE37000A6AA6E /* MyClass.m */,
				40345E5D1E3AF1F500A6AA6E /* SubClass.h */,
				40345E5E1E3AF1F500A6AA6E /* SubClass.m */,
				40345E601E3E1F6400A6AA6E /* SubClass+in_out.h */,
				40345E631E3E228300A6AA6E /* SettopBoxControl.h */,
				40345E611E3E1F6400A6AA6E /* SubClass+in_out.m */,
			);
			path = customclass;
			sourceTree = "<group>";
		};
/* End PBXGroup section */

/* Begin PBXNativeTarget section */
		40345E4F1E3ADF9A00A6AA6E /* customclass */ = {
			isa = PBXNativeTarget;
			buildConfigurationList = 40345E571E3ADF9E00A6AA6E /* Build configuration list for PBXNativeTarget "customclass" */;
			buildPhases = (
				40345E4C1E3ADF9A00A6AA6E /* Sources */,
				40345E4D1E3ADF9A00A6AA6E /* Frameworks */,
				40345E4E1E3ADF9A00A6AA6E /* CopyFiles */,
			);
			buildRules = (
			);
			dependencies = (
			);
			name = customclass;
			productName = customclass;
			productReference = 40345E501E3ADF9E00A6AA6E /* customclass */;
			productType = "com.apple.product-type.tool";
		};
/* End PBXNativeTarget section */

/* Begin PBXProject section */
		40345E481E3ADF9A00A6AA6E /* Project object */ = {
			isa = PBXProject;
			attributes = {
				LastUpgradeCheck = 0820;
				ORGANIZATIONNAME = Yamamoto;
				TargetAttributes = {
					40345E4F1E3ADF9A00A6AA6E = {
						CreatedOnToolsVersion = 8.2.1;
						ProvisioningStyle = Automatic;
					};
				};
			};
			buildConfigurationList = 40345E4B1E3ADF9A00A6AA6E /* Build configuration list for PBXProject "customclass" */;
			compatibilityVersion = "Xcode 3.2";
			developmentRegion = English;
			hasScannedForEncodings = 0;
			knownRegions = (
				en,
			);
			mainGroup = 40345E471E3ADF9A00A6AA6E;
			productRefGroup = 40345E511E3ADF9E00A6AA6E /* Products */;
			projectDirPath = "";
			projectRoot = "";
			targets = (
				40345E4F1E3ADF9A00A6AA6E /* customclass */,
			);
		};
/* End PBXProject section */

/* Begin PBXSourcesBuildPhase section */
		40345E4C1E3ADF9A00A6AA6E /* Sources */ = {
			isa = PBXSourcesBuildPhase;
			buildActionMask = 2147483647;
			files = (
				40345E5F1E3AF1F500A6AA6E /* SubClass.m in Sources */,
				40345E621E3E1F6400A6AA6E /* SubClass+in_out.m in Sources */,
				40345E5C1E3AE37000A6AA6E /* MyClass.m in Sources */,
				40345E541E3ADF9E00A6AA6E /* main.m in Sources */,
			);
			runOnlyForDeploymentPostprocessing = 0;
		};
/* End PBXSourcesBuildPhase section */

/* Begin XCBuildConfiguration section */
		40345E551E3ADF9E00A6AA6E /* Debug */ = {
			isa = XCBuildConfiguration;
			buildSettings = {
				ALWAYS_SEARCH_USER_PATHS = NO;
				CLANG_ANALYZER_NONNULL = YES;
				CLANG_CXX_LANGUAGE_STANDARD = "gnu++0x";
				CLANG_CXX_LIBRARY = "libc++";
				CLANG_ENABLE_MODULES = YES;
				CLANG_ENABLE_OBJC_ARC = YES;
				CLANG_WARN_BOOL_CONVERSION = YES;
				CLANG_WARN_CONSTANT_CONVERSION = YES;
				CLANG_WARN_DIRECT_OBJC_ISA_USAGE = YES_ERROR;
				CLANG_WARN_DOCUMENTATION_COMMENTS = YES;
				CLANG_WARN_EMPTY_BODY = YES;
				CLANG_WARN_ENUM_CONVERSION = YES;
				CLANG_WARN_INFINITE_RECURSION = YES;
				CLANG_WARN_INT_CONVERSION = YES;
				CLANG_WARN_OBJC_ROOT_CLASS = YES_ERROR;
				CLANG_WARN_SUSPICIOUS_MOVE = YES;
				CLANG_WARN_UNREACHABLE_CODE = YES;
				CLANG_WARN__DUPLICATE_METHOD_MATCH = YES;
				CODE_SIGN_IDENTITY = "-";
				COPY_PHASE_STRIP = NO;
				DEBUG_INFORMATION_FORMAT = dwarf;
				ENABLE_STRICT_OBJC_MSGSEND = YES;
				ENABLE_TESTABILITY = YES;
				GCC_C_LANGUAGE_STANDARD = gnu99;
				GCC_DYNAMIC_NO_PIC = NO;
				GCC_NO_COMMON_BLOCKS = YES;
				GCC_OPTIMIZATION_LEVEL = 0;
				GCC_PREPROCESSOR_DEFINITIONS = (
					"DEBUG=1",
					"$(inherited)",
				);
				GCC_WARN_64_TO_32_BIT_CONVERSION = YES;
				GCC_WARN_ABOUT_RETURN_TYPE = YES_ERROR;
				GCC_WARN_UNDECLARED_SELECTOR = YES;
				GCC_WARN_UNINITIALIZED_AUTOS = YES_AGGRESSIVE;
				GCC_WARN_UNUSED_FUNCTION = YES;
				GCC_WARN_UNUSED_VARIABLE = YES;
				MACOSX_DEPLOYMENT_TARGET = 10.12;
				MTL_ENABLE_DEBUG_INFO = YES;
				ONLY_ACTIVE_ARCH = YES;
				SDKROOT = macosx;
			};
			name = Debug;
		};
		40345E561E3ADF9E00A6AA6E /* Release */ = {
			isa = XCBuildConfiguration;
			buildSettings = {
				ALWAYS_SEARCH_USER_PATHS = NO;
				CLANG_ANALYZER_NONNULL = YES;
				CLANG_CXX_LANGUAGE_STANDARD = "gnu++0x";
				CLANG_CXX_LIBRARY = "libc++";
				CLANG_ENABLE_MODULES = YES;
				CLANG_ENABLE_OBJC_ARC = YES;
				CLANG_WARN_BOOL_CONVERSION = YES;
				CLANG_WARN_CONSTANT_CONVERSION = YES;
				CLANG_WARN_DIRECT_OBJC_ISA_USAGE = YES_ERROR;
				CLANG_WARN_DOCUMENTATION_COMMENTS = YES;
				CLANG_WARN_EMPTY_BODY = YES;
				CLANG_WARN_ENUM_CONVERSION = YES;
				CLANG_WARN_INFINITE_RECURSION = YES;
				CLANG_WARN_INT_CONVERSION = YES;
				CLANG_WARN_OBJC_ROOT_CLASS = YES_ERROR;
				CLANG_WARN_SUSPICIOUS_MOVE = YES;
				CLANG_WARN_UNREACHABLE_CODE = YES;
				CLANG_WARN__DUPLICATE_METHOD_MATCH = YES;
				CODE_SIGN_IDENTITY = "-";
				COPY_PHASE_STRIP = NO;
				DEBUG_INFORMATION_FORMAT = "dwarf-with-dsym";
				ENABLE_NS_ASSERTIONS = NO;
				ENABLE_STRICT_OBJC_MSGSEND = YES;
				GCC_C_LANGUAGE_STANDARD = gnu99;
				GCC_NO_COMMON_BLOCKS = YES;
				GCC_WARN_64_TO_32_BIT_CONVERSION = YES;
				GCC_WARN_ABOUT_RETURN_TYPE = YES_ERROR;
				GCC_WARN_UNDECLARED_SELECTOR = YES;
				GCC_WARN_UNINITIALIZED_AUTOS = YES_AGGRESSIVE;
				GCC_WARN_UNUSED_FUNCTION = YES;
				GCC_WARN_UNUSED_VARIABLE = YES;
				MACOSX_DEPLOYMENT_TARGET = 10.12;
				MTL_ENABLE_DEBUG_INFO = NO;
				SDKROOT = macosx;
			};
			name = Release;
		};
		40345E581E3ADF9E00A6AA6E /* Debug */ = {
			isa = XCBuildConfiguration;
			buildSettings = {
				PRODUCT_NAME = "$(TARGET_NAME)";
			};
			name = Debug;
		};
		40345E591E3ADF9E00A6AA6E /* Release */ = {
			isa = XCBuildConfiguration;
			buildSettings = {
				PRODUCT_NAME = "$(TARGET_NAME)";
			};
			name = Release;
		};
/* End XCBuildConfiguration section */

/* Begin XCConfigurationList section */
		40345E4B1E3ADF9A00A6AA6E /* Build configuration list for PBXProject "customclass" */ = {
			isa = XCConfigurationList;
			buildConfigurations = (
				40345E551E3ADF9E00A6AA6E /* Debug */,
				40345E561E3ADF9E00A6AA6E /* Release */,
			);
			defaultConfigurationIsVisible = 0;
			defaultConfigurationName = Release;
		};
		40345E571E3ADF9E00A6AA6E /* Build configuration list for PBXNativeTarget "customclass" */ = {
			isa = XCConfigurationList;
			buildConfigurations = (
				40345E581E3ADF9E00A6AA6E /* Debug */,
				40345E591E3ADF9E00A6AA6E /* Release */,
			);
			defaultConfigurationIsVisible = 0;
		};
/* End XCConfigurationList section */
	};
	rootObject = 40345E481E3ADF9A00A6AA6E /* Project object */;
}
